
Microsoft Visual Studio Solution File, Format Version 12.00
# Visual Studio Version 16
VisualStudioVersion = 16.0.30128.36
MinimumVisualStudioVersion = 10.0.40219.1
Project("{2150E333-8FDC-42A3-9474-1A3956D46DE8}") = "Solution Items", "Solution Items", "{AAE4A8C6-36C5-490D-B661-27C5F898E7BF}"
	ProjectSection(SolutionItems) = preProject
		Directory.Build.props = Directory.Build.props
		Directory.Build.targets = Directory.Build.targets
		Readme.md = Readme.md
	EndProjectSection
EndProject
Project("{2150E333-8FDC-42A3-9474-1A3956D46DE8}") = "Libs", "Libs", "{9413CF1F-E6E5-480F-AA45-628E1BBD174E}"
EndProject
Project("{2150E333-8FDC-42A3-9474-1A3956D46DE8}") = "Sources", "Sources", "{9A445FCD-DEEC-47E7-A724-F17D335E5088}"
EndProject
Project("{2150E333-8FDC-42A3-9474-1A3956D46DE8}") = "Tests", "Tests", "{65315618-A121-4B1B-A28A-6B815AA21E0D}"
EndProject
Project("{9A19103F-16F7-4668-BE54-9A1E7A4F7556}") = "ProjectArchitecture", "Libs\ProjectArchitecture\ProjectArchitecture.csproj", "{3A079293-FA57-45EA-BF8D-5A19446A3E0F}"
EndProject
Project("{9A19103F-16F7-4668-BE54-9A1E7A4F7556}") = "NUnitArchitecture", "Sources\NUnitArchitecture\NUnitArchitecture.csproj", "{26A22EF2-96F7-4E2E-9ECA-76D33258E9E8}"
EndProject
Project("{9A19103F-16F7-4668-BE54-9A1E7A4F7556}") = "NUnitArchitecture.Renderer", "Sources\NUnitArchitecture.Renderer\NUnitArchitecture.Renderer.csproj", "{68EC7FB6-D838-4282-9CA1-5997EB6C4EA1}"
EndProject
Project("{9A19103F-16F7-4668-BE54-9A1E7A4F7556}") = "NUnitArchitecture.Tests", "Tests\NUnitArchitecture.Tests\NUnitArchitecture.Tests.csproj", "{31FAEB42-9A5C-499C-8611-8E1C05E1631A}"
EndProject
Global
	GlobalSection(SolutionConfigurationPlatforms) = preSolution
		Debug|Any CPU = Debug|Any CPU
		Release|Any CPU = Release|Any CPU
	EndGlobalSection
	GlobalSection(ProjectConfigurationPlatforms) = postSolution
		{3A079293-FA57-45EA-BF8D-5A19446A3E0F}.Debug|Any CPU.ActiveCfg = Debug|Any CPU
		{3A079293-FA57-45EA-BF8D-5A19446A3E0F}.Debug|Any CPU.Build.0 = Debug|Any CPU
		{3A079293-FA57-45EA-BF8D-5A19446A3E0F}.Release|Any CPU.ActiveCfg = Release|Any CPU
		{3A079293-FA57-45EA-BF8D-5A19446A3E0F}.Release|Any CPU.Build.0 = Release|Any CPU
		{26A22EF2-96F7-4E2E-9ECA-76D33258E9E8}.Debug|Any CPU.ActiveCfg = Debug|Any CPU
		{26A22EF2-96F7-4E2E-9ECA-76D33258E9E8}.Debug|Any CPU.Build.0 = Debug|Any CPU
		{26A22EF2-96F7-4E2E-9ECA-76D33258E9E8}.Release|Any CPU.ActiveCfg = Release|Any CPU
		{26A22EF2-96F7-4E2E-9ECA-76D33258E9E8}.Release|Any CPU.Build.0 = Release|Any CPU
		{68EC7FB6-D838-4282-9CA1-5997EB6C4EA1}.Debug|Any CPU.ActiveCfg = Debug|Any CPU
		{68EC7FB6-D838-4282-9CA1-5997EB6C4EA1}.Debug|Any CPU.Build.0 = Debug|Any CPU
		{68EC7FB6-D838-4282-9CA1-5997EB6C4EA1}.Release|Any CPU.ActiveCfg = Release|Any CPU
		{68EC7FB6-D838-4282-9CA1-5997EB6C4EA1}.Release|Any CPU.Build.0 = Release|Any CPU
		{31FAEB42-9A5C-499C-8611-8E1C05E1631A}.Debug|Any CPU.ActiveCfg = Debug|Any CPU
		{31FAEB42-9A5C-499C-8611-8E1C05E1631A}.Debug|Any CPU.Build.0 = Debug|Any CPU
		{31FAEB42-9A5C-499C-8611-8E1C05E1631A}.Release|Any CPU.ActiveCfg = Release|Any CPU
		{31FAEB42-9A5C-499C-8611-8E1C05E1631A}.Release|Any CPU.Build.0 = Release|Any CPU
	EndGlobalSection
	GlobalSection(SolutionProperties) = preSolution
		HideSolutionNode = FALSE
	EndGlobalSection
	GlobalSection(NestedProjects) = preSolution
		{3A079293-FA57-45EA-BF8D-5A19446A3E0F} = {9413CF1F-E6E5-480F-AA45-628E1BBD174E}
		{26A22EF2-96F7-4E2E-9ECA-76D33258E9E8} = {9A445FCD-DEEC-47E7-A724-F17D335E5088}
		{68EC7FB6-D838-4282-9CA1-5997EB6C4EA1} = {9A445FCD-DEEC-47E7-A724-F17D335E5088}
		{31FAEB42-9A5C-499C-8611-8E1C05E1631A} = {65315618-A121-4B1B-A28A-6B815AA21E0D}
	EndGlobalSection
	GlobalSection(ExtensibilityGlobals) = postSolution
		SolutionGuid = {3CBB6816-607F-44FE-BE08-5B0D94865C05}
	EndGlobalSection
EndGlobal
